
Microsoft Visual Studio Solution File, Format Version 12.00
# Visual Studio Version 17
VisualStudioVersion = 17.7.34031.279
MinimumVisualStudioVersion = 10.0.40219.1
Project("{FAE04EC0-301F-11D3-BF4B-00C04F79EFBC}") = "WinApp2", "WinApp2.csproj", "{B0F2E20A-4D7C-4637-BD04-B6732DB5907B}"
EndProject
Global
	GlobalSection(SolutionConfigurationPlatforms) = preSolution
		Debug|Any CPU = Debug|Any CPU
		Release|Any CPU = Release|Any CPU
	EndGlobalSection
	GlobalSection(ProjectConfigurationPlatforms) = postSolution
		{B0F2E20A-4D7C-4637-BD04-B6732DB5907B}.Debug|Any CPU.ActiveCfg = Debug|Any CPU
		{B0F2E20A-4D7C-4637-BD04-B6732DB5907B}.Debug|Any CPU.Build.0 = Debug|Any CPU
		{B0F2E20A-4D7C-4637-BD04-B6732DB5907B}.Release|Any CPU.ActiveCfg = Release|Any CPU
		{B0F2E20A-4D7C-4637-BD04-B6732DB5907B}.Release|Any CPU.Build.0 = Release|Any CPU
	EndGlobalSection
	GlobalSection(SolutionProperties) = preSolution
		HideSolutionNode = FALSE
	EndGlobalSection
	GlobalSection(ExtensibilityGlobals) = postSolution
		SolutionGuid = {4FE4E890-AAA0-4702-B61C-9A9E0C613552}
	EndGlobalSection
EndGlobal
